// !$*UTF8*$!
{
	archiveVersion = 1;
	classes = {
	};
	objectVersion = 46;
	objects = {

/* Begin PBXBuildFile section */
		DA4A998E171C629D00F44BB4 /* main.c in Sources */ = {isa = PBXBuildFile; fileRef = DA4A998D171C629D00F44BB4 /* main.c */; };
		DA4A9990171C629D00F44BB4 /* PassByReference.1 in CopyFiles */ = {isa = PBXBuildFile; fileRef = DA4A998F171C629D00F44BB4 /* PassByReference.1 */; };
/* End PBXBuildFile section */

/* Begin PBXCopyFilesBuildPhase section */
		DA4A9988171C629D00F44BB4 /* CopyFiles */ = {
			isa = PBXCopyFilesBuildPhase;
			buildActionMask = 2147483647;
			dstPath = /usr/share/man/man1/;
			dstSubfolderSpec = 0;
			files = (
				DA4A9990171C629D00F44BB4 /* PassByReference.1 in CopyFiles */,
			);
			runOnlyForDeploymentPostprocessing = 1;
		};
/* End PBXCopyFilesBuildPhase section */

/* Begin PBXFileReference section */
		DA4A998A171C629D00F44BB4 /* PassByReference */ = {isa = PBXFileReference; explicitFileType = "compiled.mach-o.executable"; includeInIndex = 0; path = PassByReference; sourceTree = BUILT_PRODUCTS_DIR; };
		DA4A998D171C629D00F44BB4 /* main.c */ = {isa = PBXFileReference; lastKnownFileType = sourcecode.c.c; path = main.c; sourceTree = "<group>"; };
		DA4A998F171C629D00F44BB4 /* PassByReference.1 */ = {isa = PBXFileReference; lastKnownFileType = text.man; path = PassByReference.1; sourceTree = "<group>"; };
/* End PBXFileReference section */

/* Begin PBXFrameworksBuildPhase section */
		DA4A9987171C629D00F44BB4 /* Frameworks */ = {
			isa = PBXFrameworksBuildPhase;
			buildActionMask = 2147483647;
			files = (
			);
			runOnlyForDeploymentPostprocessing = 0;
		};
/* End PBXFrameworksBuildPhase section */

/* Begin PBXGroup section */
		DA4A9981171C629D00F44BB4 = {
			isa = PBXGroup;
			children = (
				DA4A998C171C629D00F44BB4 /* PassByReference */,
				DA4A998B171C629D00F44BB4 /* Products */,
			);
			sourceTree = "<group>";
		};
		DA4A998B171C629D00F44BB4 /* Products */ = {
			isa = PBXGroup;
			children = (
				DA4A998A171C629D00F44BB4 /* PassByReference */,
			);
			name = Products;
			sourceTree = "<group>";
		};
		DA4A998C171C629D00F44BB4 /* PassByReference */ = {
			isa = PBXGroup;
			children = (
				DA4A998D171C629D00F44BB4 /* main.c */,
				DA4A998F171C629D00F44BB4 /* PassByReference.1 */,
			);
			path = PassByReference;
			sourceTree = "<group>";
		};
/* End PBXGroup section */

/* Begin PBXNativeTarget section */
		DA4A9989171C629D00F44BB4 /* PassByReference */ = {
			isa = PBXNativeTarget;
			buildConfigurationList = DA4A9993171C629D00F44BB4 /* Build configuration list for PBXNativeTarget "PassByReference" */;
			buildPhases = (
				DA4A9986171C629D00F44BB4 /* Sources */,
				DA4A9987171C629D00F44BB4 /* Frameworks */,
				DA4A9988171C629D00F44BB4 /* CopyFiles */,
			);
			buildRules = (
			);
			dependencies = (
			);
			name = PassByReference;
			productName = PassByReference;
			productReference = DA4A998A171C629D00F44BB4 /* PassByReference */;
			productType = "com.apple.product-type.tool";
		};
/* End PBXNativeTarget section */

/* Begin PBXProject section */
		DA4A9982171C629D00F44BB4 /* Project object */ = {
			isa = PBXProject;
			attributes = {
				LastUpgradeCheck = 0460;
				ORGANIZATIONNAME = "Paul Solt";
			};
			buildConfigurationList = DA4A9985171C629D00F44BB4 /* Build configuration list for PBXProject "PassByReference" */;
			compatibilityVersion = "Xcode 3.2";
			developmentRegion = English;
			hasScannedForEncodings = 0;
			knownRegions = (
				en,
			);
			mainGroup = DA4A9981171C629D00F44BB4;
			productRefGroup = DA4A998B171C629D00F44BB4 /* Products */;
			projectDirPath = "";
			projectRoot = "";
			targets = (
				DA4A9989171C629D00F44BB4 /* PassByReference */,
			);
		};
/* End PBXProject section */

/* Begin PBXSourcesBuildPhase section */
		DA4A9986171C629D00F44BB4 /* Sources */ = {
			isa = PBXSourcesBuildPhase;
			buildActionMask = 2147483647;
			files = (
				DA4A998E171C629D00F44BB4 /* main.c in Sources */,
			);
			runOnlyForDeploymentPostprocessing = 0;
		};
/* End PBXSourcesBuildPhase section */

/* Begin XCBuildConfiguration section */
		DA4A9991171C629D00F44BB4 /* Debug */ = {
			isa = XCBuildConfiguration;
			buildSettings = {
				ALWAYS_SEARCH_USER_PATHS = NO;
				ARCHS = "$(ARCHS_STANDARD_64_BIT)";
				CLANG_CXX_LANGUAGE_STANDARD = "gnu++0x";
				CLANG_CXX_LIBRARY = "libc++";
				CLANG_WARN_CONSTANT_CONVERSION = YES;
				CLANG_WARN_EMPTY_BODY = YES;
				CLANG_WARN_ENUM_CONVERSION = YES;
				CLANG_WARN_INT_CONVERSION = YES;
				CLANG_WARN__DUPLICATE_METHOD_MATCH = YES;
				COPY_PHASE_STRIP = NO;
				GCC_C_LANGUAGE_STANDARD = gnu99;
				GCC_DYNAMIC_NO_PIC = NO;
				GCC_ENABLE_OBJC_EXCEPTIONS = YES;
				GCC_OPTIMIZATION_LEVEL = 0;
				GCC_PREPROCESSOR_DEFINITIONS = (
					"DEBUG=1",
					"$(inherited)",
				);
				GCC_SYMBOLS_PRIVATE_EXTERN = NO;
				GCC_WARN_64_TO_32_BIT_CONVERSION = YES;
				GCC_WARN_ABOUT_RETURN_TYPE = YES;
				GCC_WARN_UNINITIALIZED_AUTOS = YES;
				GCC_WARN_UNUSED_VARIABLE = YES;
				MACOSX_DEPLOYMENT_TARGET = 10.8;
				ONLY_ACTIVE_ARCH = YES;
				SDKROOT = macosx;
			};
			name = Debug;
		};
		DA4A9992171C629D00F44BB4 /* Release */ = {
			isa = XCBuildConfiguration;
			buildSettings = {
				ALWAYS_SEARCH_USER_PATHS = NO;
				ARCHS = "$(ARCHS_STANDARD_64_BIT)";
				CLANG_CXX_LANGUAGE_STANDARD = "gnu++0x";
				CLANG_CXX_LIBRARY = "libc++";
				CLANG_WARN_CONSTANT_CONVERSION = YES;
				CLANG_WARN_EMPTY_BODY = YES;
				CLANG_WARN_ENUM_CONVERSION = YES;
				CLANG_WARN_INT_CONVERSION = YES;
				CLANG_WARN__DUPLICATE_METHOD_MATCH = YES;
				COPY_PHASE_STRIP = YES;
				DEBUG_INFORMATION_FORMAT = "dwarf-with-dsym";
				GCC_C_LANGUAGE_STANDARD = gnu99;
				GCC_ENABLE_OBJC_EXCEPTIONS = YES;
				GCC_WARN_64_TO_32_BIT_CONVERSION = YES;
				GCC_WARN_ABOUT_RETURN_TYPE = YES;
				GCC_WARN_UNINITIALIZED_AUTOS = YES;
				GCC_WARN_UNUSED_VARIABLE = YES;
				MACOSX_DEPLOYMENT_TARGET = 10.8;
				SDKROOT = macosx;
			};
			name = Release;
		};
		DA4A9994171C629D00F44BB4 /* Debug */ = {
			isa = XCBuildConfiguration;
			buildSettings = {
				PRODUCT_NAME = "$(TARGET_NAME)";
			};
			name = Debug;
		};
		DA4A9995171C629D00F44BB4 /* Release */ = {
			isa = XCBuildConfiguration;
			buildSettings = {
				PRODUCT_NAME = "$(TARGET_NAME)";
			};
			name = Release;
		};
/* End XCBuildConfiguration section */

/* Begin XCConfigurationList section */
		DA4A9985171C629D00F44BB4 /* Build configuration list for PBXProject "PassByReference" */ = {
			isa = XCConfigurationList;
			buildConfigurations = (
				DA4A9991171C629D00F44BB4 /* Debug */,
				DA4A9992171C629D00F44BB4 /* Release */,
			);
			defaultConfigurationIsVisible = 0;
			defaultConfigurationName = Release;
		};
		DA4A9993171C629D00F44BB4 /* Build configuration list for PBXNativeTarget "PassByReference" */ = {
			isa = XCConfigurationList;
			buildConfigurations = (
				DA4A9994171C629D00F44BB4 /* Debug */,
				DA4A9995171C629D00F44BB4 /* Release */,
			);
			defaultConfigurationIsVisible = 0;
		};
/* End XCConfigurationList section */
	};
	rootObject = DA4A9982171C629D00F44BB4 /* Project object */;
}
