// !$*UTF8*$!
{
	archiveVersion = 1;
	classes = {
	};
	objectVersion = 46;
	objects = {

/* Begin PBXBuildFile section */
		DAD697C91713570900DAA63F /* main.c in Sources */ = {isa = PBXBuildFile; fileRef = DAD697C81713570900DAA63F /* main.c */; };
		DAD697CB1713570900DAA63F /* Numbers.1 in CopyFiles */ = {isa = PBXBuildFile; fileRef = DAD697CA1713570900DAA63F /* Numbers.1 */; };
/* End PBXBuildFile section */

/* Begin PBXCopyFilesBuildPhase section */
		DAD697C31713570900DAA63F /* CopyFiles */ = {
			isa = PBXCopyFilesBuildPhase;
			buildActionMask = 2147483647;
			dstPath = /usr/share/man/man1/;
			dstSubfolderSpec = 0;
			files = (
				DAD697CB1713570900DAA63F /* Numbers.1 in CopyFiles */,
			);
			runOnlyForDeploymentPostprocessing = 1;
		};
/* End PBXCopyFilesBuildPhase section */

/* Begin PBXFileReference section */
		DAD697C51713570900DAA63F /* Numbers */ = {isa = PBXFileReference; explicitFileType = "compiled.mach-o.executable"; includeInIndex = 0; path = Numbers; sourceTree = BUILT_PRODUCTS_DIR; };
		DAD697C81713570900DAA63F /* main.c */ = {isa = PBXFileReference; lastKnownFileType = sourcecode.c.c; path = main.c; sourceTree = "<group>"; };
		DAD697CA1713570900DAA63F /* Numbers.1 */ = {isa = PBXFileReference; lastKnownFileType = text.man; path = Numbers.1; sourceTree = "<group>"; };
/* End PBXFileReference section */

/* Begin PBXFrameworksBuildPhase section */
		DAD697C21713570900DAA63F /* Frameworks */ = {
			isa = PBXFrameworksBuildPhase;
			buildActionMask = 2147483647;
			files = (
			);
			runOnlyForDeploymentPostprocessing = 0;
		};
/* End PBXFrameworksBuildPhase section */

/* Begin PBXGroup section */
		DAD697BC1713570900DAA63F = {
			isa = PBXGroup;
			children = (
				DAD697C71713570900DAA63F /* Numbers */,
				DAD697C61713570900DAA63F /* Products */,
			);
			sourceTree = "<group>";
		};
		DAD697C61713570900DAA63F /* Products */ = {
			isa = PBXGroup;
			children = (
				DAD697C51713570900DAA63F /* Numbers */,
			);
			name = Products;
			sourceTree = "<group>";
		};
		DAD697C71713570900DAA63F /* Numbers */ = {
			isa = PBXGroup;
			children = (
				DAD697C81713570900DAA63F /* main.c */,
				DAD697CA1713570900DAA63F /* Numbers.1 */,
			);
			path = Numbers;
			sourceTree = "<group>";
		};
/* End PBXGroup section */

/* Begin PBXNativeTarget section */
		DAD697C41713570900DAA63F /* Numbers */ = {
			isa = PBXNativeTarget;
			buildConfigurationList = DAD697CE1713570900DAA63F /* Build configuration list for PBXNativeTarget "Numbers" */;
			buildPhases = (
				DAD697C11713570900DAA63F /* Sources */,
				DAD697C21713570900DAA63F /* Frameworks */,
				DAD697C31713570900DAA63F /* CopyFiles */,
			);
			buildRules = (
			);
			dependencies = (
			);
			name = Numbers;
			productName = Numbers;
			productReference = DAD697C51713570900DAA63F /* Numbers */;
			productType = "com.apple.product-type.tool";
		};
/* End PBXNativeTarget section */

/* Begin PBXProject section */
		DAD697BD1713570900DAA63F /* Project object */ = {
			isa = PBXProject;
			attributes = {
				LastUpgradeCheck = 0460;
				ORGANIZATIONNAME = "Paul Solt";
			};
			buildConfigurationList = DAD697C01713570900DAA63F /* Build configuration list for PBXProject "Numbers" */;
			compatibilityVersion = "Xcode 3.2";
			developmentRegion = English;
			hasScannedForEncodings = 0;
			knownRegions = (
				en,
			);
			mainGroup = DAD697BC1713570900DAA63F;
			productRefGroup = DAD697C61713570900DAA63F /* Products */;
			projectDirPath = "";
			projectRoot = "";
			targets = (
				DAD697C41713570900DAA63F /* Numbers */,
			);
		};
/* End PBXProject section */

/* Begin PBXSourcesBuildPhase section */
		DAD697C11713570900DAA63F /* Sources */ = {
			isa = PBXSourcesBuildPhase;
			buildActionMask = 2147483647;
			files = (
				DAD697C91713570900DAA63F /* main.c in Sources */,
			);
			runOnlyForDeploymentPostprocessing = 0;
		};
/* End PBXSourcesBuildPhase section */

/* Begin XCBuildConfiguration section */
		DAD697CC1713570900DAA63F /* Debug */ = {
			isa = XCBuildConfiguration;
			buildSettings = {
				ALWAYS_SEARCH_USER_PATHS = NO;
				ARCHS = "$(ARCHS_STANDARD_64_BIT)";
				CLANG_CXX_LANGUAGE_STANDARD = "gnu++0x";
				CLANG_CXX_LIBRARY = "libc++";
				CLANG_WARN_CONSTANT_CONVERSION = YES;
				CLANG_WARN_EMPTY_BODY = YES;
				CLANG_WARN_ENUM_CONVERSION = YES;
				CLANG_WARN_INT_CONVERSION = YES;
				CLANG_WARN__DUPLICATE_METHOD_MATCH = YES;
				COPY_PHASE_STRIP = NO;
				GCC_C_LANGUAGE_STANDARD = gnu99;
				GCC_DYNAMIC_NO_PIC = NO;
				GCC_ENABLE_OBJC_EXCEPTIONS = YES;
				GCC_OPTIMIZATION_LEVEL = 0;
				GCC_PREPROCESSOR_DEFINITIONS = (
					"DEBUG=1",
					"$(inherited)",
				);
				GCC_SYMBOLS_PRIVATE_EXTERN = NO;
				GCC_WARN_64_TO_32_BIT_CONVERSION = YES;
				GCC_WARN_ABOUT_RETURN_TYPE = YES;
				GCC_WARN_UNINITIALIZED_AUTOS = YES;
				GCC_WARN_UNUSED_VARIABLE = YES;
				MACOSX_DEPLOYMENT_TARGET = 10.8;
				ONLY_ACTIVE_ARCH = YES;
				SDKROOT = macosx;
			};
			name = Debug;
		};
		DAD697CD1713570900DAA63F /* Release */ = {
			isa = XCBuildConfiguration;
			buildSettings = {
				ALWAYS_SEARCH_USER_PATHS = NO;
				ARCHS = "$(ARCHS_STANDARD_64_BIT)";
				CLANG_CXX_LANGUAGE_STANDARD = "gnu++0x";
				CLANG_CXX_LIBRARY = "libc++";
				CLANG_WARN_CONSTANT_CONVERSION = YES;
				CLANG_WARN_EMPTY_BODY = YES;
				CLANG_WARN_ENUM_CONVERSION = YES;
				CLANG_WARN_INT_CONVERSION = YES;
				CLANG_WARN__DUPLICATE_METHOD_MATCH = YES;
				COPY_PHASE_STRIP = YES;
				DEBUG_INFORMATION_FORMAT = "dwarf-with-dsym";
				GCC_C_LANGUAGE_STANDARD = gnu99;
				GCC_ENABLE_OBJC_EXCEPTIONS = YES;
				GCC_WARN_64_TO_32_BIT_CONVERSION = YES;
				GCC_WARN_ABOUT_RETURN_TYPE = YES;
				GCC_WARN_UNINITIALIZED_AUTOS = YES;
				GCC_WARN_UNUSED_VARIABLE = YES;
				MACOSX_DEPLOYMENT_TARGET = 10.8;
				SDKROOT = macosx;
			};
			name = Release;
		};
		DAD697CF1713570900DAA63F /* Debug */ = {
			isa = XCBuildConfiguration;
			buildSettings = {
				PRODUCT_NAME = "$(TARGET_NAME)";
			};
			name = Debug;
		};
		DAD697D01713570900DAA63F /* Release */ = {
			isa = XCBuildConfiguration;
			buildSettings = {
				PRODUCT_NAME = "$(TARGET_NAME)";
			};
			name = Release;
		};
/* End XCBuildConfiguration section */

/* Begin XCConfigurationList section */
		DAD697C01713570900DAA63F /* Build configuration list for PBXProject "Numbers" */ = {
			isa = XCConfigurationList;
			buildConfigurations = (
				DAD697CC1713570900DAA63F /* Debug */,
				DAD697CD1713570900DAA63F /* Release */,
			);
			defaultConfigurationIsVisible = 0;
			defaultConfigurationName = Release;
		};
		DAD697CE1713570900DAA63F /* Build configuration list for PBXNativeTarget "Numbers" */ = {
			isa = XCConfigurationList;
			buildConfigurations = (
				DAD697CF1713570900DAA63F /* Debug */,
				DAD697D01713570900DAA63F /* Release */,
			);
			defaultConfigurationIsVisible = 0;
		};
/* End XCConfigurationList section */
	};
	rootObject = DAD697BD1713570900DAA63F /* Project object */;
}
