// !$*UTF8*$!
{
	archiveVersion = 1;
	classes = {
	};
	objectVersion = 46;
	objects = {

/* Begin PBXBuildFile section */
		DABB5857170DC1F500CD176A /* main.c in Sources */ = {isa = PBXBuildFile; fileRef = DABB5856170DC1F500CD176A /* main.c */; };
		DABB5859170DC1F500CD176A /* CountDown.1 in CopyFiles */ = {isa = PBXBuildFile; fileRef = DABB5858170DC1F500CD176A /* CountDown.1 */; };
/* End PBXBuildFile section */

/* Begin PBXCopyFilesBuildPhase section */
		DABB5851170DC1F500CD176A /* CopyFiles */ = {
			isa = PBXCopyFilesBuildPhase;
			buildActionMask = 2147483647;
			dstPath = /usr/share/man/man1/;
			dstSubfolderSpec = 0;
			files = (
				DABB5859170DC1F500CD176A /* CountDown.1 in CopyFiles */,
			);
			runOnlyForDeploymentPostprocessing = 1;
		};
/* End PBXCopyFilesBuildPhase section */

/* Begin PBXFileReference section */
		DABB5853170DC1F500CD176A /* CountDown */ = {isa = PBXFileReference; explicitFileType = "compiled.mach-o.executable"; includeInIndex = 0; path = CountDown; sourceTree = BUILT_PRODUCTS_DIR; };
		DABB5856170DC1F500CD176A /* main.c */ = {isa = PBXFileReference; lastKnownFileType = sourcecode.c.c; path = main.c; sourceTree = "<group>"; };
		DABB5858170DC1F500CD176A /* CountDown.1 */ = {isa = PBXFileReference; lastKnownFileType = text.man; path = CountDown.1; sourceTree = "<group>"; };
/* End PBXFileReference section */

/* Begin PBXFrameworksBuildPhase section */
		DABB5850170DC1F500CD176A /* Frameworks */ = {
			isa = PBXFrameworksBuildPhase;
			buildActionMask = 2147483647;
			files = (
			);
			runOnlyForDeploymentPostprocessing = 0;
		};
/* End PBXFrameworksBuildPhase section */

/* Begin PBXGroup section */
		DABB584A170DC1F500CD176A = {
			isa = PBXGroup;
			children = (
				DABB5855170DC1F500CD176A /* CountDown */,
				DABB5854170DC1F500CD176A /* Products */,
			);
			sourceTree = "<group>";
		};
		DABB5854170DC1F500CD176A /* Products */ = {
			isa = PBXGroup;
			children = (
				DABB5853170DC1F500CD176A /* CountDown */,
			);
			name = Products;
			sourceTree = "<group>";
		};
		DABB5855170DC1F500CD176A /* CountDown */ = {
			isa = PBXGroup;
			children = (
				DABB5856170DC1F500CD176A /* main.c */,
				DABB5858170DC1F500CD176A /* CountDown.1 */,
			);
			path = CountDown;
			sourceTree = "<group>";
		};
/* End PBXGroup section */

/* Begin PBXNativeTarget section */
		DABB5852170DC1F500CD176A /* CountDown */ = {
			isa = PBXNativeTarget;
			buildConfigurationList = DABB585C170DC1F500CD176A /* Build configuration list for PBXNativeTarget "CountDown" */;
			buildPhases = (
				DABB584F170DC1F500CD176A /* Sources */,
				DABB5850170DC1F500CD176A /* Frameworks */,
				DABB5851170DC1F500CD176A /* CopyFiles */,
			);
			buildRules = (
			);
			dependencies = (
			);
			name = CountDown;
			productName = CountDown;
			productReference = DABB5853170DC1F500CD176A /* CountDown */;
			productType = "com.apple.product-type.tool";
		};
/* End PBXNativeTarget section */

/* Begin PBXProject section */
		DABB584B170DC1F500CD176A /* Project object */ = {
			isa = PBXProject;
			attributes = {
				LastUpgradeCheck = 0460;
				ORGANIZATIONNAME = "Paul Solt";
			};
			buildConfigurationList = DABB584E170DC1F500CD176A /* Build configuration list for PBXProject "CountDown" */;
			compatibilityVersion = "Xcode 3.2";
			developmentRegion = English;
			hasScannedForEncodings = 0;
			knownRegions = (
				en,
			);
			mainGroup = DABB584A170DC1F500CD176A;
			productRefGroup = DABB5854170DC1F500CD176A /* Products */;
			projectDirPath = "";
			projectRoot = "";
			targets = (
				DABB5852170DC1F500CD176A /* CountDown */,
			);
		};
/* End PBXProject section */

/* Begin PBXSourcesBuildPhase section */
		DABB584F170DC1F500CD176A /* Sources */ = {
			isa = PBXSourcesBuildPhase;
			buildActionMask = 2147483647;
			files = (
				DABB5857170DC1F500CD176A /* main.c in Sources */,
			);
			runOnlyForDeploymentPostprocessing = 0;
		};
/* End PBXSourcesBuildPhase section */

/* Begin XCBuildConfiguration section */
		DABB585A170DC1F500CD176A /* Debug */ = {
			isa = XCBuildConfiguration;
			buildSettings = {
				ALWAYS_SEARCH_USER_PATHS = NO;
				ARCHS = "$(ARCHS_STANDARD_64_BIT)";
				CLANG_CXX_LANGUAGE_STANDARD = "gnu++0x";
				CLANG_CXX_LIBRARY = "libc++";
				CLANG_WARN_CONSTANT_CONVERSION = YES;
				CLANG_WARN_EMPTY_BODY = YES;
				CLANG_WARN_ENUM_CONVERSION = YES;
				CLANG_WARN_INT_CONVERSION = YES;
				CLANG_WARN__DUPLICATE_METHOD_MATCH = YES;
				COPY_PHASE_STRIP = NO;
				GCC_C_LANGUAGE_STANDARD = gnu99;
				GCC_DYNAMIC_NO_PIC = NO;
				GCC_ENABLE_OBJC_EXCEPTIONS = YES;
				GCC_OPTIMIZATION_LEVEL = 0;
				GCC_PREPROCESSOR_DEFINITIONS = (
					"DEBUG=1",
					"$(inherited)",
				);
				GCC_SYMBOLS_PRIVATE_EXTERN = NO;
				GCC_WARN_64_TO_32_BIT_CONVERSION = YES;
				GCC_WARN_ABOUT_RETURN_TYPE = YES;
				GCC_WARN_UNINITIALIZED_AUTOS = YES;
				GCC_WARN_UNUSED_VARIABLE = YES;
				MACOSX_DEPLOYMENT_TARGET = 10.8;
				ONLY_ACTIVE_ARCH = YES;
				SDKROOT = macosx;
			};
			name = Debug;
		};
		DABB585B170DC1F500CD176A /* Release */ = {
			isa = XCBuildConfiguration;
			buildSettings = {
				ALWAYS_SEARCH_USER_PATHS = NO;
				ARCHS = "$(ARCHS_STANDARD_64_BIT)";
				CLANG_CXX_LANGUAGE_STANDARD = "gnu++0x";
				CLANG_CXX_LIBRARY = "libc++";
				CLANG_WARN_CONSTANT_CONVERSION = YES;
				CLANG_WARN_EMPTY_BODY = YES;
				CLANG_WARN_ENUM_CONVERSION = YES;
				CLANG_WARN_INT_CONVERSION = YES;
				CLANG_WARN__DUPLICATE_METHOD_MATCH = YES;
				COPY_PHASE_STRIP = YES;
				DEBUG_INFORMATION_FORMAT = "dwarf-with-dsym";
				GCC_C_LANGUAGE_STANDARD = gnu99;
				GCC_ENABLE_OBJC_EXCEPTIONS = YES;
				GCC_WARN_64_TO_32_BIT_CONVERSION = YES;
				GCC_WARN_ABOUT_RETURN_TYPE = YES;
				GCC_WARN_UNINITIALIZED_AUTOS = YES;
				GCC_WARN_UNUSED_VARIABLE = YES;
				MACOSX_DEPLOYMENT_TARGET = 10.8;
				SDKROOT = macosx;
			};
			name = Release;
		};
		DABB585D170DC1F500CD176A /* Debug */ = {
			isa = XCBuildConfiguration;
			buildSettings = {
				PRODUCT_NAME = "$(TARGET_NAME)";
			};
			name = Debug;
		};
		DABB585E170DC1F500CD176A /* Release */ = {
			isa = XCBuildConfiguration;
			buildSettings = {
				PRODUCT_NAME = "$(TARGET_NAME)";
			};
			name = Release;
		};
/* End XCBuildConfiguration section */

/* Begin XCConfigurationList section */
		DABB584E170DC1F500CD176A /* Build configuration list for PBXProject "CountDown" */ = {
			isa = XCConfigurationList;
			buildConfigurations = (
				DABB585A170DC1F500CD176A /* Debug */,
				DABB585B170DC1F500CD176A /* Release */,
			);
			defaultConfigurationIsVisible = 0;
			defaultConfigurationName = Release;
		};
		DABB585C170DC1F500CD176A /* Build configuration list for PBXNativeTarget "CountDown" */ = {
			isa = XCConfigurationList;
			buildConfigurations = (
				DABB585D170DC1F500CD176A /* Debug */,
				DABB585E170DC1F500CD176A /* Release */,
			);
			defaultConfigurationIsVisible = 0;
		};
/* End XCConfigurationList section */
	};
	rootObject = DABB584B170DC1F500CD176A /* Project object */;
}
